
Microsoft Visual Studio Solution File, Format Version 12.00
# Visual Studio Version 17
VisualStudioVersion = 17.10.35027.167
MinimumVisualStudioVersion = 10.0.40219.1
Project("{FAE04EC0-301F-11D3-BF4B-00C04F79EFBC}") = "tmdb_cli", "tmdb_cli.csproj", "{CD6EC42C-631A-4109-8C45-E1657498DC41}"
EndProject
Global
	GlobalSection(SolutionConfigurationPlatforms) = preSolution
		Debug|Any CPU = Debug|Any CPU
		Release|Any CPU = Release|Any CPU
	EndGlobalSection
	GlobalSection(ProjectConfigurationPlatforms) = postSolution
		{CD6EC42C-631A-4109-8C45-E1657498DC41}.Debug|Any CPU.ActiveCfg = Debug|Any CPU
		{CD6EC42C-631A-4109-8C45-E1657498DC41}.Debug|Any CPU.Build.0 = Debug|Any CPU
		{CD6EC42C-631A-4109-8C45-E1657498DC41}.Release|Any CPU.ActiveCfg = Release|Any CPU
		{CD6EC42C-631A-4109-8C45-E1657498DC41}.Release|Any CPU.Build.0 = Release|Any CPU
	EndGlobalSection
	GlobalSection(SolutionProperties) = preSolution
		HideSolutionNode = FALSE
	EndGlobalSection
	GlobalSection(ExtensibilityGlobals) = postSolution
		SolutionGuid = {8DFBE7EF-D259-47FE-86CD-C1FD820501E3}
	EndGlobalSection
EndGlobal
